// !$*UTF8*$!
{
	archiveVersion = 1;
	classes = {
	};
	objectVersion = 55;
	objects = {

/* Begin PBXBuildFile section */
		94D214FC288B1C7900DFE786 /* AppDelegate.swift in Sources */ = {isa = PBXBuildFile; fileRef = 94D214FB288B1C7900DFE786 /* AppDelegate.swift */; };
		94D214FE288B1C7900DFE786 /* SceneDelegate.swift in Sources */ = {isa = PBXBuildFile; fileRef = 94D214FD288B1C7900DFE786 /* SceneDelegate.swift */; };
		94D21500288B1C7900DFE786 /* MapViewController.swift in Sources */ = {isa = PBXBuildFile; fileRef = 94D214FF288B1C7900DFE786 /* MapViewController.swift */; };
		94D21505288B1C7A00DFE786 /* Assets.xcassets in Resources */ = {isa = PBXBuildFile; fileRef = 94D21504288B1C7A00DFE786 /* Assets.xcassets */; };
		94D21508288B1C7A00DFE786 /* LaunchScreen.storyboard in Resources */ = {isa = PBXBuildFile; fileRef = 94D21506288B1C7A00DFE786 /* LaunchScreen.storyboard */; };
		94D21513288B20B200DFE786 /* OrderViewController.swift in Sources */ = {isa = PBXBuildFile; fileRef = 94D21512288B20B200DFE786 /* OrderViewController.swift */; };
		94D21518288B221A00DFE786 /* OrderTransitionDelegate.swift in Sources */ = {isa = PBXBuildFile; fileRef = 94D21517288B221A00DFE786 /* OrderTransitionDelegate.swift */; };
		94D2151C288DD13800DFE786 /* OrderPresentationViewController.swift in Sources */ = {isa = PBXBuildFile; fileRef = 94D2151B288DD13800DFE786 /* OrderPresentationViewController.swift */; };
		94D2151E288DD16D00DFE786 /* OrderAnimator.swift in Sources */ = {isa = PBXBuildFile; fileRef = 94D2151D288DD16D00DFE786 /* OrderAnimator.swift */; };
/* End PBXBuildFile section */

/* Begin PBXFileReference section */
		94D214F8288B1C7900DFE786 /* TestCustomTransition.app */ = {isa = PBXFileReference; explicitFileType = wrapper.application; includeInIndex = 0; path = TestCustomTransition.app; sourceTree = BUILT_PRODUCTS_DIR; };
		94D214FB288B1C7900DFE786 /* AppDelegate.swift */ = {isa = PBXFileReference; lastKnownFileType = sourcecode.swift; path = AppDelegate.swift; sourceTree = "<group>"; };
		94D214FD288B1C7900DFE786 /* SceneDelegate.swift */ = {isa = PBXFileReference; lastKnownFileType = sourcecode.swift; path = SceneDelegate.swift; sourceTree = "<group>"; };
		94D214FF288B1C7900DFE786 /* MapViewController.swift */ = {isa = PBXFileReference; lastKnownFileType = sourcecode.swift; path = MapViewController.swift; sourceTree = "<group>"; };
		94D21504288B1C7A00DFE786 /* Assets.xcassets */ = {isa = PBXFileReference; lastKnownFileType = folder.assetcatalog; path = Assets.xcassets; sourceTree = "<group>"; };
		94D21507288B1C7A00DFE786 /* Base */ = {isa = PBXFileReference; lastKnownFileType = file.storyboard; name = Base; path = Base.lproj/LaunchScreen.storyboard; sourceTree = "<group>"; };
		94D21509288B1C7A00DFE786 /* Info.plist */ = {isa = PBXFileReference; lastKnownFileType = text.plist.xml; path = Info.plist; sourceTree = "<group>"; };
		94D21512288B20B200DFE786 /* OrderViewController.swift */ = {isa = PBXFileReference; lastKnownFileType = sourcecode.swift; path = OrderViewController.swift; sourceTree = "<group>"; };
		94D21517288B221A00DFE786 /* OrderTransitionDelegate.swift */ = {isa = PBXFileReference; lastKnownFileType = sourcecode.swift; path = OrderTransitionDelegate.swift; sourceTree = "<group>"; };
		94D2151B288DD13800DFE786 /* OrderPresentationViewController.swift */ = {isa = PBXFileReference; lastKnownFileType = sourcecode.swift; path = OrderPresentationViewController.swift; sourceTree = "<group>"; };
		94D2151D288DD16D00DFE786 /* OrderAnimator.swift */ = {isa = PBXFileReference; lastKnownFileType = sourcecode.swift; path = OrderAnimator.swift; sourceTree = "<group>"; };
/* End PBXFileReference section */

/* Begin PBXFrameworksBuildPhase section */
		94D214F5288B1C7900DFE786 /* Frameworks */ = {
			isa = PBXFrameworksBuildPhase;
			buildActionMask = 2147483647;
			files = (
			);
			runOnlyForDeploymentPostprocessing = 0;
		};
/* End PBXFrameworksBuildPhase section */

/* Begin PBXGroup section */
		94D214EF288B1C7900DFE786 = {
			isa = PBXGroup;
			children = (
				94D214FA288B1C7900DFE786 /* TestCustomTransition */,
				94D214F9288B1C7900DFE786 /* Products */,
			);
			sourceTree = "<group>";
		};
		94D214F9288B1C7900DFE786 /* Products */ = {
			isa = PBXGroup;
			children = (
				94D214F8288B1C7900DFE786 /* TestCustomTransition.app */,
			);
			name = Products;
			sourceTree = "<group>";
		};
		94D214FA288B1C7900DFE786 /* TestCustomTransition */ = {
			isa = PBXGroup;
			children = (
				94D21510288B1CD300DFE786 /* Source */,
				94D21511288B1CDA00DFE786 /* View */,
				94D2150F288B1CCC00DFE786 /* Resources */,
				94D21509288B1C7A00DFE786 /* Info.plist */,
			);
			path = TestCustomTransition;
			sourceTree = "<group>";
		};
		94D2150F288B1CCC00DFE786 /* Resources */ = {
			isa = PBXGroup;
			children = (
				94D21504288B1C7A00DFE786 /* Assets.xcassets */,
				94D21506288B1C7A00DFE786 /* LaunchScreen.storyboard */,
			);
			path = Resources;
			sourceTree = "<group>";
		};
		94D21510288B1CD300DFE786 /* Source */ = {
			isa = PBXGroup;
			children = (
				94D214FB288B1C7900DFE786 /* AppDelegate.swift */,
				94D214FD288B1C7900DFE786 /* SceneDelegate.swift */,
			);
			path = Source;
			sourceTree = "<group>";
		};
		94D21511288B1CDA00DFE786 /* View */ = {
			isa = PBXGroup;
			children = (
				94D21514288B216C00DFE786 /* Map */,
				94D21515288B217B00DFE786 /* Order(Modal) */,
			);
			path = View;
			sourceTree = "<group>";
		};
		94D21514288B216C00DFE786 /* Map */ = {
			isa = PBXGroup;
			children = (
				94D214FF288B1C7900DFE786 /* MapViewController.swift */,
			);
			path = Map;
			sourceTree = "<group>";
		};
		94D21515288B217B00DFE786 /* Order(Modal) */ = {
			isa = PBXGroup;
			children = (
				94D21512288B20B200DFE786 /* OrderViewController.swift */,
				94D21516288B21EA00DFE786 /* TransitionDelegate */,
			);
			path = "Order(Modal)";
			sourceTree = "<group>";
		};
		94D21516288B21EA00DFE786 /* TransitionDelegate */ = {
			isa = PBXGroup;
			children = (
				94D21517288B221A00DFE786 /* OrderTransitionDelegate.swift */,
				94D2151B288DD13800DFE786 /* OrderPresentationViewController.swift */,
				94D2151D288DD16D00DFE786 /* OrderAnimator.swift */,
			);
			path = TransitionDelegate;
			sourceTree = "<group>";
		};
/* End PBXGroup section */

/* Begin PBXNativeTarget section */
		94D214F7288B1C7900DFE786 /* TestCustomTransition */ = {
			isa = PBXNativeTarget;
			buildConfigurationList = 94D2150C288B1C7A00DFE786 /* Build configuration list for PBXNativeTarget "TestCustomTransition" */;
			buildPhases = (
				94D214F4288B1C7900DFE786 /* Sources */,
				94D214F5288B1C7900DFE786 /* Frameworks */,
				94D214F6288B1C7900DFE786 /* Resources */,
			);
			buildRules = (
			);
			dependencies = (
			);
			name = TestCustomTransition;
			productName = TestCustomTransition;
			productReference = 94D214F8288B1C7900DFE786 /* TestCustomTransition.app */;
			productType = "com.apple.product-type.application";
		};
/* End PBXNativeTarget section */

/* Begin PBXProject section */
		94D214F0288B1C7900DFE786 /* Project object */ = {
			isa = PBXProject;
			attributes = {
				BuildIndependentTargetsInParallel = 1;
				LastSwiftUpdateCheck = 1320;
				LastUpgradeCheck = 1320;
				TargetAttributes = {
					94D214F7288B1C7900DFE786 = {
						CreatedOnToolsVersion = 13.2.1;
					};
				};
			};
			buildConfigurationList = 94D214F3288B1C7900DFE786 /* Build configuration list for PBXProject "TestCustomTransition" */;
			compatibilityVersion = "Xcode 13.0";
			developmentRegion = en;
			hasScannedForEncodings = 0;
			knownRegions = (
				en,
				Base,
			);
			mainGroup = 94D214EF288B1C7900DFE786;
			productRefGroup = 94D214F9288B1C7900DFE786 /* Products */;
			projectDirPath = "";
			projectRoot = "";
			targets = (
				94D214F7288B1C7900DFE786 /* TestCustomTransition */,
			);
		};
/* End PBXProject section */

/* Begin PBXResourcesBuildPhase section */
		94D214F6288B1C7900DFE786 /* Resources */ = {
			isa = PBXResourcesBuildPhase;
			buildActionMask = 2147483647;
			files = (
				94D21508288B1C7A00DFE786 /* LaunchScreen.storyboard in Resources */,
				94D21505288B1C7A00DFE786 /* Assets.xcassets in Resources */,
			);
			runOnlyForDeploymentPostprocessing = 0;
		};
/* End PBXResourcesBuildPhase section */

/* Begin PBXSourcesBuildPhase section */
		94D214F4288B1C7900DFE786 /* Sources */ = {
			isa = PBXSourcesBuildPhase;
			buildActionMask = 2147483647;
			files = (
				94D21518288B221A00DFE786 /* OrderTransitionDelegate.swift in Sources */,
				94D21500288B1C7900DFE786 /* MapViewController.swift in Sources */,
				94D21513288B20B200DFE786 /* OrderViewController.swift in Sources */,
				94D214FC288B1C7900DFE786 /* AppDelegate.swift in Sources */,
				94D2151E288DD16D00DFE786 /* OrderAnimator.swift in Sources */,
				94D214FE288B1C7900DFE786 /* SceneDelegate.swift in Sources */,
				94D2151C288DD13800DFE786 /* OrderPresentationViewController.swift in Sources */,
			);
			runOnlyForDeploymentPostprocessing = 0;
		};
/* End PBXSourcesBuildPhase section */

/* Begin PBXVariantGroup section */
		94D21506288B1C7A00DFE786 /* LaunchScreen.storyboard */ = {
			isa = PBXVariantGroup;
			children = (
				94D21507288B1C7A00DFE786 /* Base */,
			);
			name = LaunchScreen.storyboard;
			sourceTree = "<group>";
		};
/* End PBXVariantGroup section */

/* Begin XCBuildConfiguration section */
		94D2150A288B1C7A00DFE786 /* Debug */ = {
			isa = XCBuildConfiguration;
			buildSettings = {
				ALWAYS_SEARCH_USER_PATHS = NO;
				CLANG_ANALYZER_NONNULL = YES;
				CLANG_ANALYZER_NUMBER_OBJECT_CONVERSION = YES_AGGRESSIVE;
				CLANG_CXX_LANGUAGE_STANDARD = "gnu++17";
				CLANG_CXX_LIBRARY = "libc++";
				CLANG_ENABLE_MODULES = YES;
				CLANG_ENABLE_OBJC_ARC = YES;
				CLANG_ENABLE_OBJC_WEAK = YES;
				CLANG_WARN_BLOCK_CAPTURE_AUTORELEASING = YES;
				CLANG_WARN_BOOL_CONVERSION = YES;
				CLANG_WARN_COMMA = YES;
				CLANG_WARN_CONSTANT_CONVERSION = YES;
				CLANG_WARN_DEPRECATED_OBJC_IMPLEMENTATIONS = YES;
				CLANG_WARN_DIRECT_OBJC_ISA_USAGE = YES_ERROR;
				CLANG_WARN_DOCUMENTATION_COMMENTS = YES;
				CLANG_WARN_EMPTY_BODY = YES;
				CLANG_WARN_ENUM_CONVERSION = YES;
				CLANG_WARN_INFINITE_RECURSION = YES;
				CLANG_WARN_INT_CONVERSION = YES;
				CLANG_WARN_NON_LITERAL_NULL_CONVERSION = YES;
				CLANG_WARN_OBJC_IMPLICIT_RETAIN_SELF = YES;
				CLANG_WARN_OBJC_LITERAL_CONVERSION = YES;
				CLANG_WARN_OBJC_ROOT_CLASS = YES_ERROR;
				CLANG_WARN_QUOTED_INCLUDE_IN_FRAMEWORK_HEADER = YES;
				CLANG_WARN_RANGE_LOOP_ANALYSIS = YES;
				CLANG_WARN_STRICT_PROTOTYPES = YES;
				CLANG_WARN_SUSPICIOUS_MOVE = YES;
				CLANG_WARN_UNGUARDED_AVAILABILITY = YES_AGGRESSIVE;
				CLANG_WARN_UNREACHABLE_CODE = YES;
				CLANG_WARN__DUPLICATE_METHOD_MATCH = YES;
				COPY_PHASE_STRIP = NO;
				DEBUG_INFORMATION_FORMAT = dwarf;
				ENABLE_STRICT_OBJC_MSGSEND = YES;
				ENABLE_TESTABILITY = YES;
				GCC_C_LANGUAGE_STANDARD = gnu11;
				GCC_DYNAMIC_NO_PIC = NO;
				GCC_NO_COMMON_BLOCKS = YES;
				GCC_OPTIMIZATION_LEVEL = 0;
				GCC_PREPROCESSOR_DEFINITIONS = (
					"DEBUG=1",
					"$(inherited)",
				);
				GCC_WARN_64_TO_32_BIT_CONVERSION = YES;
				GCC_WARN_ABOUT_RETURN_TYPE = YES_ERROR;
				GCC_WARN_UNDECLARED_SELECTOR = YES;
				GCC_WARN_UNINITIALIZED_AUTOS = YES_AGGRESSIVE;
				GCC_WARN_UNUSED_FUNCTION = YES;
				GCC_WARN_UNUSED_VARIABLE = YES;
				IPHONEOS_DEPLOYMENT_TARGET = 15.2;
				MTL_ENABLE_DEBUG_INFO = INCLUDE_SOURCE;
				MTL_FAST_MATH = YES;
				ONLY_ACTIVE_ARCH = YES;
				SDKROOT = iphoneos;
				SWIFT_ACTIVE_COMPILATION_CONDITIONS = DEBUG;
				SWIFT_OPTIMIZATION_LEVEL = "-Onone";
			};
			name = Debug;
		};
		94D2150B288B1C7A00DFE786 /* Release */ = {
			isa = XCBuildConfiguration;
			buildSettings = {
				ALWAYS_SEARCH_USER_PATHS = NO;
				CLANG_ANALYZER_NONNULL = YES;
				CLANG_ANALYZER_NUMBER_OBJECT_CONVERSION = YES_AGGRESSIVE;
				CLANG_CXX_LANGUAGE_STANDARD = "gnu++17";
				CLANG_CXX_LIBRARY = "libc++";
				CLANG_ENABLE_MODULES = YES;
				CLANG_ENABLE_OBJC_ARC = YES;
				CLANG_ENABLE_OBJC_WEAK = YES;
				CLANG_WARN_BLOCK_CAPTURE_AUTORELEASING = YES;
				CLANG_WARN_BOOL_CONVERSION = YES;
				CLANG_WARN_COMMA = YES;
				CLANG_WARN_CONSTANT_CONVERSION = YES;
				CLANG_WARN_DEPRECATED_OBJC_IMPLEMENTATIONS = YES;
				CLANG_WARN_DIRECT_OBJC_ISA_USAGE = YES_ERROR;
				CLANG_WARN_DOCUMENTATION_COMMENTS = YES;
				CLANG_WARN_EMPTY_BODY = YES;
				CLANG_WARN_ENUM_CONVERSION = YES;
				CLANG_WARN_INFINITE_RECURSION = YES;
				CLANG_WARN_INT_CONVERSION = YES;
				CLANG_WARN_NON_LITERAL_NULL_CONVERSION = YES;
				CLANG_WARN_OBJC_IMPLICIT_RETAIN_SELF = YES;
				CLANG_WARN_OBJC_LITERAL_CONVERSION = YES;
				CLANG_WARN_OBJC_ROOT_CLASS = YES_ERROR;
				CLANG_WARN_QUOTED_INCLUDE_IN_FRAMEWORK_HEADER = YES;
				CLANG_WARN_RANGE_LOOP_ANALYSIS = YES;
				CLANG_WARN_STRICT_PROTOTYPES = YES;
				CLANG_WARN_SUSPICIOUS_MOVE = YES;
				CLANG_WARN_UNGUARDED_AVAILABILITY = YES_AGGRESSIVE;
				CLANG_WARN_UNREACHABLE_CODE = YES;
				CLANG_WARN__DUPLICATE_METHOD_MATCH = YES;
				COPY_PHASE_STRIP = NO;
				DEBUG_INFORMATION_FORMAT = "dwarf-with-dsym";
				ENABLE_NS_ASSERTIONS = NO;
				ENABLE_STRICT_OBJC_MSGSEND = YES;
				GCC_C_LANGUAGE_STANDARD = gnu11;
				GCC_NO_COMMON_BLOCKS = YES;
				GCC_WARN_64_TO_32_BIT_CONVERSION = YES;
				GCC_WARN_ABOUT_RETURN_TYPE = YES_ERROR;
				GCC_WARN_UNDECLARED_SELECTOR = YES;
				GCC_WARN_UNINITIALIZED_AUTOS = YES_AGGRESSIVE;
				GCC_WARN_UNUSED_FUNCTION = YES;
				GCC_WARN_UNUSED_VARIABLE = YES;
				IPHONEOS_DEPLOYMENT_TARGET = 15.2;
				MTL_ENABLE_DEBUG_INFO = NO;
				MTL_FAST_MATH = YES;
				SDKROOT = iphoneos;
				SWIFT_COMPILATION_MODE = wholemodule;
				SWIFT_OPTIMIZATION_LEVEL = "-O";
				VALIDATE_PRODUCT = YES;
			};
			name = Release;
		};
		94D2150D288B1C7A00DFE786 /* Debug */ = {
			isa = XCBuildConfiguration;
			buildSettings = {
				ASSETCATALOG_COMPILER_APPICON_NAME = AppIcon;
				ASSETCATALOG_COMPILER_GLOBAL_ACCENT_COLOR_NAME = AccentColor;
				CODE_SIGN_STYLE = Automatic;
				CURRENT_PROJECT_VERSION = 1;
				DEVELOPMENT_TEAM = 49V2NFTYLV;
				GENERATE_INFOPLIST_FILE = YES;
				INFOPLIST_FILE = TestCustomTransition/Info.plist;
				INFOPLIST_KEY_UIApplicationSupportsIndirectInputEvents = YES;
				INFOPLIST_KEY_UILaunchStoryboardName = LaunchScreen;
				INFOPLIST_KEY_UIMainStoryboardFile = "";
				INFOPLIST_KEY_UISupportedInterfaceOrientations = UIInterfaceOrientationPortrait;
				INFOPLIST_KEY_UISupportedInterfaceOrientations_iPad = "UIInterfaceOrientationPortrait UIInterfaceOrientationPortraitUpsideDown UIInterfaceOrientationLandscapeLeft UIInterfaceOrientationLandscapeRight";
				INFOPLIST_KEY_UISupportedInterfaceOrientations_iPhone = "UIInterfaceOrientationPortrait UIInterfaceOrientationLandscapeLeft UIInterfaceOrientationLandscapeRight";
				LD_RUNPATH_SEARCH_PATHS = (
					"$(inherited)",
					"@executable_path/Frameworks",
				);
				MARKETING_VERSION = 1.0;
				PRODUCT_BUNDLE_IDENTIFIER = "Terpugov-inc.TestCustomTransition";
				PRODUCT_NAME = "$(TARGET_NAME)";
				SWIFT_EMIT_LOC_STRINGS = YES;
				SWIFT_VERSION = 5.0;
				TARGETED_DEVICE_FAMILY = 1;
			};
			name = Debug;
		};
		94D2150E288B1C7A00DFE786 /* Release */ = {
			isa = XCBuildConfiguration;
			buildSettings = {
				ASSETCATALOG_COMPILER_APPICON_NAME = AppIcon;
				ASSETCATALOG_COMPILER_GLOBAL_ACCENT_COLOR_NAME = AccentColor;
				CODE_SIGN_STYLE = Automatic;
				CURRENT_PROJECT_VERSION = 1;
				DEVELOPMENT_TEAM = 49V2NFTYLV;
				GENERATE_INFOPLIST_FILE = YES;
				INFOPLIST_FILE = TestCustomTransition/Info.plist;
				INFOPLIST_KEY_UIApplicationSupportsIndirectInputEvents = YES;
				INFOPLIST_KEY_UILaunchStoryboardName = LaunchScreen;
				INFOPLIST_KEY_UIMainStoryboardFile = "";
				INFOPLIST_KEY_UISupportedInterfaceOrientations = UIInterfaceOrientationPortrait;
				INFOPLIST_KEY_UISupportedInterfaceOrientations_iPad = "UIInterfaceOrientationPortrait UIInterfaceOrientationPortraitUpsideDown UIInterfaceOrientationLandscapeLeft UIInterfaceOrientationLandscapeRight";
				INFOPLIST_KEY_UISupportedInterfaceOrientations_iPhone = "UIInterfaceOrientationPortrait UIInterfaceOrientationLandscapeLeft UIInterfaceOrientationLandscapeRight";
				LD_RUNPATH_SEARCH_PATHS = (
					"$(inherited)",
					"@executable_path/Frameworks",
				);
				MARKETING_VERSION = 1.0;
				PRODUCT_BUNDLE_IDENTIFIER = "Terpugov-inc.TestCustomTransition";
				PRODUCT_NAME = "$(TARGET_NAME)";
				SWIFT_EMIT_LOC_STRINGS = YES;
				SWIFT_VERSION = 5.0;
				TARGETED_DEVICE_FAMILY = 1;
			};
			name = Release;
		};
/* End XCBuildConfiguration section */

/* Begin XCConfigurationList section */
		94D214F3288B1C7900DFE786 /* Build configuration list for PBXProject "TestCustomTransition" */ = {
			isa = XCConfigurationList;
			buildConfigurations = (
				94D2150A288B1C7A00DFE786 /* Debug */,
				94D2150B288B1C7A00DFE786 /* Release */,
			);
			defaultConfigurationIsVisible = 0;
			defaultConfigurationName = Release;
		};
		94D2150C288B1C7A00DFE786 /* Build configuration list for PBXNativeTarget "TestCustomTransition" */ = {
			isa = XCConfigurationList;
			buildConfigurations = (
				94D2150D288B1C7A00DFE786 /* Debug */,
				94D2150E288B1C7A00DFE786 /* Release */,
			);
			defaultConfigurationIsVisible = 0;
			defaultConfigurationName = Release;
		};
/* End XCConfigurationList section */
	};
	rootObject = 94D214F0288B1C7900DFE786 /* Project object */;
}
